// !$*UTF8*$!
{
	archiveVersion = 1;
	classes = {
	};
	objectVersion = 46;
	objects = {

/* Begin PBXBuildFile section */
		D7AA3BAB1DCA346F00229EFA /* AppDelegate.swift in Sources */ = {isa = PBXBuildFile; fileRef = D7AA3BAA1DCA346F00229EFA /* AppDelegate.swift */; };
		D7AA3BAD1DCA346F00229EFA /* ViewController.swift in Sources */ = {isa = PBXBuildFile; fileRef = D7AA3BAC1DCA346F00229EFA /* ViewController.swift */; };
		D7AA3BB01DCA346F00229EFA /* Main.storyboard in Resources */ = {isa = PBXBuildFile; fileRef = D7AA3BAE1DCA346F00229EFA /* Main.storyboard */; };
		D7AA3BB21DCA346F00229EFA /* Assets.xcassets in Resources */ = {isa = PBXBuildFile; fileRef = D7AA3BB11DCA346F00229EFA /* Assets.xcassets */; };
		D7AA3BB51DCA346F00229EFA /* LaunchScreen.storyboard in Resources */ = {isa = PBXBuildFile; fileRef = D7AA3BB31DCA346F00229EFA /* LaunchScreen.storyboard */; };
/* End PBXBuildFile section */

/* Begin PBXFileReference section */
		D7AA3BA71DCA346F00229EFA /* Intergalactic Travel.app */ = {isa = PBXFileReference; explicitFileType = wrapper.application; includeInIndex = 0; path = "Intergalactic Travel.app"; sourceTree = BUILT_PRODUCTS_DIR; };
		D7AA3BAA1DCA346F00229EFA /* AppDelegate.swift */ = {isa = PBXFileReference; lastKnownFileType = sourcecode.swift; path = AppDelegate.swift; sourceTree = "<group>"; };
		D7AA3BAC1DCA346F00229EFA /* ViewController.swift */ = {isa = PBXFileReference; lastKnownFileType = sourcecode.swift; path = ViewController.swift; sourceTree = "<group>"; };
		D7AA3BAF1DCA346F00229EFA /* Base */ = {isa = PBXFileReference; lastKnownFileType = file.storyboard; name = Base; path = Base.lproj/Main.storyboard; sourceTree = "<group>"; };
		D7AA3BB11DCA346F00229EFA /* Assets.xcassets */ = {isa = PBXFileReference; lastKnownFileType = folder.assetcatalog; path = Assets.xcassets; sourceTree = "<group>"; };
		D7AA3BB41DCA346F00229EFA /* Base */ = {isa = PBXFileReference; lastKnownFileType = file.storyboard; name = Base; path = Base.lproj/LaunchScreen.storyboard; sourceTree = "<group>"; };
		D7AA3BB61DCA346F00229EFA /* Info.plist */ = {isa = PBXFileReference; lastKnownFileType = text.plist.xml; path = Info.plist; sourceTree = "<group>"; };
/* End PBXFileReference section */

/* Begin PBXFrameworksBuildPhase section */
		D7AA3BA41DCA346F00229EFA /* Frameworks */ = {
			isa = PBXFrameworksBuildPhase;
			buildActionMask = 2147483647;
			files = (
			);
			runOnlyForDeploymentPostprocessing = 0;
		};
/* End PBXFrameworksBuildPhase section */

/* Begin PBXGroup section */
		D7AA3B9E1DCA346F00229EFA = {
			isa = PBXGroup;
			children = (
				D7AA3BA91DCA346F00229EFA /* Intergalactic Travel */,
				D7AA3BA81DCA346F00229EFA /* Products */,
			);
			sourceTree = "<group>";
		};
		D7AA3BA81DCA346F00229EFA /* Products */ = {
			isa = PBXGroup;
			children = (
				D7AA3BA71DCA346F00229EFA /* Intergalactic Travel.app */,
			);
			name = Products;
			sourceTree = "<group>";
		};
		D7AA3BA91DCA346F00229EFA /* Intergalactic Travel */ = {
			isa = PBXGroup;
			children = (
				D7AA3BAA1DCA346F00229EFA /* AppDelegate.swift */,
				D7AA3BAC1DCA346F00229EFA /* ViewController.swift */,
				D7AA3BAE1DCA346F00229EFA /* Main.storyboard */,
				D7AA3BB11DCA346F00229EFA /* Assets.xcassets */,
				D7AA3BB31DCA346F00229EFA /* LaunchScreen.storyboard */,
				D7AA3BB61DCA346F00229EFA /* Info.plist */,
			);
			path = "Intergalactic Travel";
			sourceTree = "<group>";
		};
/* End PBXGroup section */

/* Begin PBXNativeTarget section */
		D7AA3BA61DCA346F00229EFA /* Intergalactic Travel */ = {
			isa = PBXNativeTarget;
			buildConfigurationList = D7AA3BB91DCA346F00229EFA /* Build configuration list for PBXNativeTarget "Intergalactic Travel" */;
			buildPhases = (
				D7AA3BA31DCA346F00229EFA /* Sources */,
				D7AA3BA41DCA346F00229EFA /* Frameworks */,
				D7AA3BA51DCA346F00229EFA /* Resources */,
			);
			buildRules = (
			);
			dependencies = (
			);
			name = "Intergalactic Travel";
			productName = "Intergalactic Travel";
			productReference = D7AA3BA71DCA346F00229EFA /* Intergalactic Travel.app */;
			productType = "com.apple.product-type.application";
		};
/* End PBXNativeTarget section */

/* Begin PBXProject section */
		D7AA3B9F1DCA346F00229EFA /* Project object */ = {
			isa = PBXProject;
			attributes = {
				LastSwiftUpdateCheck = 0810;
				LastUpgradeCheck = 0810;
				ORGANIZATIONNAME = "John Hersey High School";
				TargetAttributes = {
					D7AA3BA61DCA346F00229EFA = {
						CreatedOnToolsVersion = 8.1;
						DevelopmentTeam = CUE4YSU4ZA;
						ProvisioningStyle = Automatic;
					};
				};
			};
			buildConfigurationList = D7AA3BA21DCA346F00229EFA /* Build configuration list for PBXProject "Intergalactic Travel" */;
			compatibilityVersion = "Xcode 3.2";
			developmentRegion = English;
			hasScannedForEncodings = 0;
			knownRegions = (
				en,
				Base,
			);
			mainGroup = D7AA3B9E1DCA346F00229EFA;
			productRefGroup = D7AA3BA81DCA346F00229EFA /* Products */;
			projectDirPath = "";
			projectRoot = "";
			targets = (
				D7AA3BA61DCA346F00229EFA /* Intergalactic Travel */,
			);
		};
/* End PBXProject section */

/* Begin PBXResourcesBuildPhase section */
		D7AA3BA51DCA346F00229EFA /* Resources */ = {
			isa = PBXResourcesBuildPhase;
			buildActionMask = 2147483647;
			files = (
				D7AA3BB51DCA346F00229EFA /* LaunchScreen.storyboard in Resources */,
				D7AA3BB21DCA346F00229EFA /* Assets.xcassets in Resources */,
				D7AA3BB01DCA346F00229EFA /* Main.storyboard in Resources */,
			);
			runOnlyForDeploymentPostprocessing = 0;
		};
/* End PBXResourcesBuildPhase section */

/* Begin PBXSourcesBuildPhase section */
		D7AA3BA31DCA346F00229EFA /* Sources */ = {
			isa = PBXSourcesBuildPhase;
			buildActionMask = 2147483647;
			files = (
				D7AA3BAD1DCA346F00229EFA /* ViewController.swift in Sources */,
				D7AA3BAB1DCA346F00229EFA /* AppDelegate.swift in Sources */,
			);
			runOnlyForDeploymentPostprocessing = 0;
		};
/* End PBXSourcesBuildPhase section */

/* Begin PBXVariantGroup section */
		D7AA3BAE1DCA346F00229EFA /* Main.storyboard */ = {
			isa = PBXVariantGroup;
			children = (
				D7AA3BAF1DCA346F00229EFA /* Base */,
			);
			name = Main.storyboard;
			sourceTree = "<group>";
		};
		D7AA3BB31DCA346F00229EFA /* LaunchScreen.storyboard */ = {
			isa = PBXVariantGroup;
			children = (
				D7AA3BB41DCA346F00229EFA /* Base */,
			);
			name = LaunchScreen.storyboard;
			sourceTree = "<group>";
		};
/* End PBXVariantGroup section */

/* Begin XCBuildConfiguration section */
		D7AA3BB71DCA346F00229EFA /* Debug */ = {
			isa = XCBuildConfiguration;
			buildSettings = {
				ALWAYS_SEARCH_USER_PATHS = NO;
				CLANG_ANALYZER_NONNULL = YES;
				CLANG_CXX_LANGUAGE_STANDARD = "gnu++0x";
				CLANG_CXX_LIBRARY = "libc++";
				CLANG_ENABLE_MODULES = YES;
				CLANG_ENABLE_OBJC_ARC = YES;
				CLANG_WARN_BOOL_CONVERSION = YES;
				CLANG_WARN_CONSTANT_CONVERSION = YES;
				CLANG_WARN_DIRECT_OBJC_ISA_USAGE = YES_ERROR;
				CLANG_WARN_DOCUMENTATION_COMMENTS = YES;
				CLANG_WARN_EMPTY_BODY = YES;
				CLANG_WARN_ENUM_CONVERSION = YES;
				CLANG_WARN_INFINITE_RECURSION = YES;
				CLANG_WARN_INT_CONVERSION = YES;
				CLANG_WARN_OBJC_ROOT_CLASS = YES_ERROR;
				CLANG_WARN_SUSPICIOUS_MOVES = YES;
				CLANG_WARN_UNREACHABLE_CODE = YES;
				CLANG_WARN__DUPLICATE_METHOD_MATCH = YES;
				"CODE_SIGN_IDENTITY[sdk=iphoneos*]" = "iPhone Developer";
				COPY_PHASE_STRIP = NO;
				DEBUG_INFORMATION_FORMAT = dwarf;
				ENABLE_STRICT_OBJC_MSGSEND = YES;
				ENABLE_TESTABILITY = YES;
				GCC_C_LANGUAGE_STANDARD = gnu99;
				GCC_DYNAMIC_NO_PIC = NO;
				GCC_NO_COMMON_BLOCKS = YES;
				GCC_OPTIMIZATION_LEVEL = 0;
				GCC_PREPROCESSOR_DEFINITIONS = (
					"DEBUG=1",
					"$(inherited)",
				);
				GCC_WARN_64_TO_32_BIT_CONVERSION = YES;
				GCC_WARN_ABOUT_RETURN_TYPE = YES_ERROR;
				GCC_WARN_UNDECLARED_SELECTOR = YES;
				GCC_WARN_UNINITIALIZED_AUTOS = YES_AGGRESSIVE;
				GCC_WARN_UNUSED_FUNCTION = YES;
				GCC_WARN_UNUSED_VARIABLE = YES;
				IPHONEOS_DEPLOYMENT_TARGET = 10.1;
				MTL_ENABLE_DEBUG_INFO = YES;
				ONLY_ACTIVE_ARCH = YES;
				SDKROOT = iphoneos;
				SWIFT_ACTIVE_COMPILATION_CONDITIONS = DEBUG;
				SWIFT_OPTIMIZATION_LEVEL = "-Onone";
				TARGETED_DEVICE_FAMILY = "1,2";
			};
			name = Debug;
		};
		D7AA3BB81DCA346F00229EFA /* Release */ = {
			isa = XCBuildConfiguration;
			buildSettings = {
				ALWAYS_SEARCH_USER_PATHS = NO;
				CLANG_ANALYZER_NONNULL = YES;
				CLANG_CXX_LANGUAGE_STANDARD = "gnu++0x";
				CLANG_CXX_LIBRARY = "libc++";
				CLANG_ENABLE_MODULES = YES;
				CLANG_ENABLE_OBJC_ARC = YES;
				CLANG_WARN_BOOL_CONVERSION = YES;
				CLANG_WARN_CONSTANT_CONVERSION = YES;
				CLANG_WARN_DIRECT_OBJC_ISA_USAGE = YES_ERROR;
				CLANG_WARN_DOCUMENTATION_COMMENTS = YES;
				CLANG_WARN_EMPTY_BODY = YES;
				CLANG_WARN_ENUM_CONVERSION = YES;
				CLANG_WARN_INFINITE_RECURSION = YES;
				CLANG_WARN_INT_CONVERSION = YES;
				CLANG_WARN_OBJC_ROOT_CLASS = YES_ERROR;
				CLANG_WARN_SUSPICIOUS_MOVES = YES;
				CLANG_WARN_UNREACHABLE_CODE = YES;
				CLANG_WARN__DUPLICATE_METHOD_MATCH = YES;
				"CODE_SIGN_IDENTITY[sdk=iphoneos*]" = "iPhone Developer";
				COPY_PHASE_STRIP = NO;
				DEBUG_INFORMATION_FORMAT = "dwarf-with-dsym";
				ENABLE_NS_ASSERTIONS = NO;
				ENABLE_STRICT_OBJC_MSGSEND = YES;
				GCC_C_LANGUAGE_STANDARD = gnu99;
				GCC_NO_COMMON_BLOCKS = YES;
				GCC_WARN_64_TO_32_BIT_CONVERSION = YES;
				GCC_WARN_ABOUT_RETURN_TYPE = YES_ERROR;
				GCC_WARN_UNDECLARED_SELECTOR = YES;
				GCC_WARN_UNINITIALIZED_AUTOS = YES_AGGRESSIVE;
				GCC_WARN_UNUSED_FUNCTION = YES;
				GCC_WARN_UNUSED_VARIABLE = YES;
				IPHONEOS_DEPLOYMENT_TARGET = 10.1;
				MTL_ENABLE_DEBUG_INFO = NO;
				SDKROOT = iphoneos;
				SWIFT_OPTIMIZATION_LEVEL = "-Owholemodule";
				TARGETED_DEVICE_FAMILY = "1,2";
				VALIDATE_PRODUCT = YES;
			};
			name = Release;
		};
		D7AA3BBA1DCA346F00229EFA /* Debug */ = {
			isa = XCBuildConfiguration;
			buildSettings = {
				ASSETCATALOG_COMPILER_APPICON_NAME = AppIcon;
				DEVELOPMENT_TEAM = CUE4YSU4ZA;
				INFOPLIST_FILE = "Intergalactic Travel/Info.plist";
				LD_RUNPATH_SEARCH_PATHS = "$(inherited) @executable_path/Frameworks";
				PRODUCT_BUNDLE_IDENTIFIER = "org.jhhs.618029.Intergalactic-Travel";
				PRODUCT_NAME = "$(TARGET_NAME)";
				SWIFT_VERSION = 3.0;
			};
			name = Debug;
		};
		D7AA3BBB1DCA346F00229EFA /* Release */ = {
			isa = XCBuildConfiguration;
			buildSettings = {
				ASSETCATALOG_COMPILER_APPICON_NAME = AppIcon;
				DEVELOPMENT_TEAM = CUE4YSU4ZA;
				INFOPLIST_FILE = "Intergalactic Travel/Info.plist";
				LD_RUNPATH_SEARCH_PATHS = "$(inherited) @executable_path/Frameworks";
				PRODUCT_BUNDLE_IDENTIFIER = "org.jhhs.618029.Intergalactic-Travel";
				PRODUCT_NAME = "$(TARGET_NAME)";
				SWIFT_VERSION = 3.0;
			};
			name = Release;
		};
/* End XCBuildConfiguration section */

/* Begin XCConfigurationList section */
		D7AA3BA21DCA346F00229EFA /* Build configuration list for PBXProject "Intergalactic Travel" */ = {
			isa = XCConfigurationList;
			buildConfigurations = (
				D7AA3BB71DCA346F00229EFA /* Debug */,
				D7AA3BB81DCA346F00229EFA /* Release */,
			);
			defaultConfigurationIsVisible = 0;
			defaultConfigurationName = Release;
		};
		D7AA3BB91DCA346F00229EFA /* Build configuration list for PBXNativeTarget "Intergalactic Travel" */ = {
			isa = XCConfigurationList;
			buildConfigurations = (
				D7AA3BBA1DCA346F00229EFA /* Debug */,
				D7AA3BBB1DCA346F00229EFA /* Release */,
			);
			defaultConfigurationIsVisible = 0;
		};
/* End XCConfigurationList section */
	};
	rootObject = D7AA3B9F1DCA346F00229EFA /* Project object */;
}
